// !$*UTF8*$!
{
	archiveVersion = 1;
	classes = {
	};
	objectVersion = 56;
	objects = {

/* Begin PBXBuildFile section */
		3FB941502BE46BC90068E611 /* NotificationView.swift in Sources */ = {isa = PBXBuildFile; fileRef = 3FB9414F2BE46BC90068E611 /* NotificationView.swift */; };
		3FB941522BE46CCD0068E611 /* NotifcationController.swift in Sources */ = {isa = PBXBuildFile; fileRef = 3FB941512BE46CCD0068E611 /* NotifcationController.swift */; };
		3FB941542BE46E760068E611 /* PushNotificationPayload.apns in Resources */ = {isa = PBXBuildFile; fileRef = 3FB941532BE46E760068E611 /* PushNotificationPayload.apns */; };
		3FE96B072BD0E2AF0056DF56 /* SwiftUITutorialsApp.swift in Sources */ = {isa = PBXBuildFile; fileRef = 3FE96B062BD0E2AF0056DF56 /* SwiftUITutorialsApp.swift */; };
		3FE96B0B2BD0E2B00056DF56 /* Assets.xcassets in Resources */ = {isa = PBXBuildFile; fileRef = 3FE96B0A2BD0E2B00056DF56 /* Assets.xcassets */; };
		3FE96B0E2BD0E2B00056DF56 /* Preview Assets.xcassets in Resources */ = {isa = PBXBuildFile; fileRef = 3FE96B0D2BD0E2B00056DF56 /* Preview Assets.xcassets */; };
		3FE96B182BD0E2B00056DF56 /* SwiftUITutorialsTests.swift in Sources */ = {isa = PBXBuildFile; fileRef = 3FE96B172BD0E2B00056DF56 /* SwiftUITutorialsTests.swift */; };
		3FE96B222BD0E2B00056DF56 /* SwiftUITutorialsUITests.swift in Sources */ = {isa = PBXBuildFile; fileRef = 3FE96B212BD0E2B00056DF56 /* SwiftUITutorialsUITests.swift */; };
		3FE96B242BD0E2B00056DF56 /* SwiftUITutorialsUITestsLaunchTests.swift in Sources */ = {isa = PBXBuildFile; fileRef = 3FE96B232BD0E2B00056DF56 /* SwiftUITutorialsUITestsLaunchTests.swift */; };
		3FFE2CDC2BDB4749000DC230 /* Badge.swift in Sources */ = {isa = PBXBuildFile; fileRef = 3FFE2CC02BDB4749000DC230 /* Badge.swift */; };
		3FFE2CDD2BDB4749000DC230 /* BadgeBackground.swift in Sources */ = {isa = PBXBuildFile; fileRef = 3FFE2CC12BDB4749000DC230 /* BadgeBackground.swift */; };
		3FFE2CDE2BDB4749000DC230 /* BadgeSymbol.swift in Sources */ = {isa = PBXBuildFile; fileRef = 3FFE2CC22BDB4749000DC230 /* BadgeSymbol.swift */; };
		3FFE2CDF2BDB4749000DC230 /* RotatedBadgeSymbols.swift in Sources */ = {isa = PBXBuildFile; fileRef = 3FFE2CC32BDB4749000DC230 /* RotatedBadgeSymbols.swift */; };
		3FFE2CE02BDB4749000DC230 /* Categoryhome.swift in Sources */ = {isa = PBXBuildFile; fileRef = 3FFE2CC52BDB4749000DC230 /* Categoryhome.swift */; };
		3FFE2CE12BDB4749000DC230 /* Categoryitem.swift in Sources */ = {isa = PBXBuildFile; fileRef = 3FFE2CC62BDB4749000DC230 /* Categoryitem.swift */; };
		3FFE2CE22BDB4749000DC230 /* CategoryRow.swift in Sources */ = {isa = PBXBuildFile; fileRef = 3FFE2CC72BDB4749000DC230 /* CategoryRow.swift */; };
		3FFE2CE32BDB4749000DC230 /* CircleImage.swift in Sources */ = {isa = PBXBuildFile; fileRef = 3FFE2CC92BDB4749000DC230 /* CircleImage.swift */; };
		3FFE2CE42BDB4749000DC230 /* FavButton.swift in Sources */ = {isa = PBXBuildFile; fileRef = 3FFE2CCA2BDB4749000DC230 /* FavButton.swift */; };
		3FFE2CE52BDB4749000DC230 /* MapView.swift in Sources */ = {isa = PBXBuildFile; fileRef = 3FFE2CCB2BDB4749000DC230 /* MapView.swift */; };
		3FFE2CE62BDB4749000DC230 /* GraphCapsule.swift in Sources */ = {isa = PBXBuildFile; fileRef = 3FFE2CCD2BDB4749000DC230 /* GraphCapsule.swift */; };
		3FFE2CE72BDB4749000DC230 /* Hike Badge.swift in Sources */ = {isa = PBXBuildFile; fileRef = 3FFE2CCE2BDB4749000DC230 /* Hike Badge.swift */; };
		3FFE2CE82BDB4749000DC230 /* HikeDetail.swift in Sources */ = {isa = PBXBuildFile; fileRef = 3FFE2CCF2BDB4749000DC230 /* HikeDetail.swift */; };
		3FFE2CE92BDB4749000DC230 /* HikeGraph.swift in Sources */ = {isa = PBXBuildFile; fileRef = 3FFE2CD02BDB4749000DC230 /* HikeGraph.swift */; };
		3FFE2CEA2BDB4749000DC230 /* HikeView.swift in Sources */ = {isa = PBXBuildFile; fileRef = 3FFE2CD12BDB4749000DC230 /* HikeView.swift */; };
		3FFE2CEB2BDB4749000DC230 /* LandmarkDetail.swift in Sources */ = {isa = PBXBuildFile; fileRef = 3FFE2CD32BDB4749000DC230 /* LandmarkDetail.swift */; };
		3FFE2CEC2BDB4749000DC230 /* LandmarkList.swift in Sources */ = {isa = PBXBuildFile; fileRef = 3FFE2CD42BDB4749000DC230 /* LandmarkList.swift */; };
		3FFE2CED2BDB4749000DC230 /* Landmarkrow.swift in Sources */ = {isa = PBXBuildFile; fileRef = 3FFE2CD52BDB4749000DC230 /* Landmarkrow.swift */; };
		3FFE2CEE2BDB4749000DC230 /* Profile Editor.swift in Sources */ = {isa = PBXBuildFile; fileRef = 3FFE2CD72BDB4749000DC230 /* Profile Editor.swift */; };
		3FFE2CEF2BDB4749000DC230 /* Profile host.swift in Sources */ = {isa = PBXBuildFile; fileRef = 3FFE2CD82BDB4749000DC230 /* Profile host.swift */; };
		3FFE2CF02BDB4749000DC230 /* Profile summary.swift in Sources */ = {isa = PBXBuildFile; fileRef = 3FFE2CD92BDB4749000DC230 /* Profile summary.swift */; };
		3FFE2CF12BDB4749000DC230 /* Profile.swift in Sources */ = {isa = PBXBuildFile; fileRef = 3FFE2CDA2BDB4749000DC230 /* Profile.swift */; };
		3FFE2CF52BDB4754000DC230 /* hikeData.json in Resources */ = {isa = PBXBuildFile; fileRef = 3FFE2CF22BDB4754000DC230 /* hikeData.json */; };
		3FFE2CF62BDB4754000DC230 /* landmarkData.json in Resources */ = {isa = PBXBuildFile; fileRef = 3FFE2CF32BDB4754000DC230 /* landmarkData.json */; };
		3FFE2CFC2BDB475A000DC230 /* HexagonParameters.swift in Sources */ = {isa = PBXBuildFile; fileRef = 3FFE2CF72BDB475A000DC230 /* HexagonParameters.swift */; };
		3FFE2CFD2BDB475A000DC230 /* Hike.swift in Sources */ = {isa = PBXBuildFile; fileRef = 3FFE2CF82BDB475A000DC230 /* Hike.swift */; };
		3FFE2CFE2BDB475A000DC230 /* Landmark.swift in Sources */ = {isa = PBXBuildFile; fileRef = 3FFE2CF92BDB475A000DC230 /* Landmark.swift */; };
		3FFE2CFF2BDB475A000DC230 /* ModelData.swift in Sources */ = {isa = PBXBuildFile; fileRef = 3FFE2CFA2BDB475A000DC230 /* ModelData.swift */; };
		3FFE2D012BDB4772000DC230 /* ContentView.swift in Sources */ = {isa = PBXBuildFile; fileRef = 3FFE2D002BDB4772000DC230 /* ContentView.swift */; };
		3FFE2D092BDB5320000DC230 /* FeatureCard.swift in Sources */ = {isa = PBXBuildFile; fileRef = 3FFE2D042BDB531F000DC230 /* FeatureCard.swift */; };
		3FFE2D0A2BDB5320000DC230 /* PageControl.swift in Sources */ = {isa = PBXBuildFile; fileRef = 3FFE2D052BDB531F000DC230 /* PageControl.swift */; };
		3FFE2D0B2BDB5320000DC230 /* PageView.swift in Sources */ = {isa = PBXBuildFile; fileRef = 3FFE2D062BDB531F000DC230 /* PageView.swift */; };
		3FFE2D0C2BDB5320000DC230 /* PageViewController.swift in Sources */ = {isa = PBXBuildFile; fileRef = 3FFE2D072BDB531F000DC230 /* PageViewController.swift */; };
		3FFE2D162BDB5688000DC230 /* ContentView.swift in Sources */ = {isa = PBXBuildFile; fileRef = 3FFE2D152BDB5688000DC230 /* ContentView.swift */; };
		3FFE2D182BDB5689000DC230 /* Assets.xcassets in Resources */ = {isa = PBXBuildFile; fileRef = 3FFE2D172BDB5689000DC230 /* Assets.xcassets */; };
		3FFE2D1B2BDB5689000DC230 /* Preview Assets.xcassets in Resources */ = {isa = PBXBuildFile; fileRef = 3FFE2D1A2BDB5689000DC230 /* Preview Assets.xcassets */; };
		3FFE2D1E2BDB5689000DC230 /* WatchLandmark Watch App.app in Embed Watch Content */ = {isa = PBXBuildFile; fileRef = 3FFE2D112BDB5688000DC230 /* WatchLandmark Watch App.app */; settings = {ATTRIBUTES = (RemoveHeadersOnCopy, ); }; };
		3FFE2D232BDB5778000DC230 /* HexagonParameters.swift in Sources */ = {isa = PBXBuildFile; fileRef = 3FFE2CF72BDB475A000DC230 /* HexagonParameters.swift */; };
		3FFE2D242BDB5778000DC230 /* Hike.swift in Sources */ = {isa = PBXBuildFile; fileRef = 3FFE2CF82BDB475A000DC230 /* Hike.swift */; };
		3FFE2D252BDB5778000DC230 /* ModelData.swift in Sources */ = {isa = PBXBuildFile; fileRef = 3FFE2CFA2BDB475A000DC230 /* ModelData.swift */; };
		3FFE2D262BDB5778000DC230 /* MapView.swift in Sources */ = {isa = PBXBuildFile; fileRef = 3FFE2CCB2BDB4749000DC230 /* MapView.swift */; };
		3FFE2D272BDB5778000DC230 /* LandmarkList.swift in Sources */ = {isa = PBXBuildFile; fileRef = 3FFE2CD42BDB4749000DC230 /* LandmarkList.swift */; };
		3FFE2D282BDB5778000DC230 /* Landmark.swift in Sources */ = {isa = PBXBuildFile; fileRef = 3FFE2CF92BDB475A000DC230 /* Landmark.swift */; };
		3FFE2D292BDB5778000DC230 /* CircleImage.swift in Sources */ = {isa = PBXBuildFile; fileRef = 3FFE2CC92BDB4749000DC230 /* CircleImage.swift */; };
		3FFE2D2A2BDB5778000DC230 /* SwiftUITutorialsApp.swift in Sources */ = {isa = PBXBuildFile; fileRef = 3FE96B062BD0E2AF0056DF56 /* SwiftUITutorialsApp.swift */; };
		3FFE2D2B2BDB5778000DC230 /* Landmarkrow.swift in Sources */ = {isa = PBXBuildFile; fileRef = 3FFE2CD52BDB4749000DC230 /* Landmarkrow.swift */; };
		3FFE2D2C2BDB5778000DC230 /* landmarkData.json in Resources */ = {isa = PBXBuildFile; fileRef = 3FFE2CF32BDB4754000DC230 /* landmarkData.json */; };
		3FFE2D2D2BDB5778000DC230 /* hikeData.json in Resources */ = {isa = PBXBuildFile; fileRef = 3FFE2CF22BDB4754000DC230 /* hikeData.json */; };
		3FFE2D2E2BDB5778000DC230 /* Assets.xcassets in Resources */ = {isa = PBXBuildFile; fileRef = 3FE96B0A2BD0E2B00056DF56 /* Assets.xcassets */; };
		3FFE2D302BDB5810000DC230 /* LandmarkDetail.swift in Sources */ = {isa = PBXBuildFile; fileRef = 3FFE2D2F2BDB5810000DC230 /* LandmarkDetail.swift */; };
		3FFE2D312BDB5924000DC230 /* Profile.swift in Sources */ = {isa = PBXBuildFile; fileRef = 3FFE2CDA2BDB4749000DC230 /* Profile.swift */; };
		3FFE2D322BDB59E3000DC230 /* Assets.xcassets in Resources */ = {isa = PBXBuildFile; fileRef = 3FFE2D172BDB5689000DC230 /* Assets.xcassets */; };
/* End PBXBuildFile section */

/* Begin PBXContainerItemProxy section */
		3FE96B142BD0E2B00056DF56 /* PBXContainerItemProxy */ = {
			isa = PBXContainerItemProxy;
			containerPortal = 3FE96AFB2BD0E2AF0056DF56 /* Project object */;
			proxyType = 1;
			remoteGlobalIDString = 3FE96B022BD0E2AF0056DF56;
			remoteInfo = SwiftUITutorials;
		};
		3FE96B1E2BD0E2B00056DF56 /* PBXContainerItemProxy */ = {
			isa = PBXContainerItemProxy;
			containerPortal = 3FE96AFB2BD0E2AF0056DF56 /* Project object */;
			proxyType = 1;
			remoteGlobalIDString = 3FE96B022BD0E2AF0056DF56;
			remoteInfo = SwiftUITutorials;
		};
		3FFE2D1C2BDB5689000DC230 /* PBXContainerItemProxy */ = {
			isa = PBXContainerItemProxy;
			containerPortal = 3FE96AFB2BD0E2AF0056DF56 /* Project object */;
			proxyType = 1;
			remoteGlobalIDString = 3FFE2D102BDB5688000DC230;
			remoteInfo = "WatchLandmark Watch App";
		};
/* End PBXContainerItemProxy section */

/* Begin PBXCopyFilesBuildPhase section */
		3FFE2D222BDB5689000DC230 /* Embed Watch Content */ = {
			isa = PBXCopyFilesBuildPhase;
			buildActionMask = 2147483647;
			dstPath = "$(CONTENTS_FOLDER_PATH)/Watch";
			dstSubfolderSpec = 16;
			files = (
				3FFE2D1E2BDB5689000DC230 /* WatchLandmark Watch App.app in Embed Watch Content */,
			);
			name = "Embed Watch Content";
			runOnlyForDeploymentPostprocessing = 0;
		};
/* End PBXCopyFilesBuildPhase section */

/* Begin PBXFileReference section */
		3FB9414F2BE46BC90068E611 /* NotificationView.swift */ = {isa = PBXFileReference; lastKnownFileType = sourcecode.swift; path = NotificationView.swift; sourceTree = "<group>"; };
		3FB941512BE46CCD0068E611 /* NotifcationController.swift */ = {isa = PBXFileReference; lastKnownFileType = sourcecode.swift; path = NotifcationController.swift; sourceTree = "<group>"; };
		3FB941532BE46E760068E611 /* PushNotificationPayload.apns */ = {isa = PBXFileReference; lastKnownFileType = text; path = PushNotificationPayload.apns; sourceTree = "<group>"; };
		3FE96B032BD0E2AF0056DF56 /* SwiftUITutorials.app */ = {isa = PBXFileReference; explicitFileType = wrapper.application; includeInIndex = 0; path = SwiftUITutorials.app; sourceTree = BUILT_PRODUCTS_DIR; };
		3FE96B062BD0E2AF0056DF56 /* SwiftUITutorialsApp.swift */ = {isa = PBXFileReference; lastKnownFileType = sourcecode.swift; path = SwiftUITutorialsApp.swift; sourceTree = "<group>"; };
		3FE96B0A2BD0E2B00056DF56 /* Assets.xcassets */ = {isa = PBXFileReference; lastKnownFileType = folder.assetcatalog; path = Assets.xcassets; sourceTree = "<group>"; };
		3FE96B0D2BD0E2B00056DF56 /* Preview Assets.xcassets */ = {isa = PBXFileReference; lastKnownFileType = folder.assetcatalog; path = "Preview Assets.xcassets"; sourceTree = "<group>"; };
		3FE96B132BD0E2B00056DF56 /* SwiftUITutorialsTests.xctest */ = {isa = PBXFileReference; explicitFileType = wrapper.cfbundle; includeInIndex = 0; path = SwiftUITutorialsTests.xctest; sourceTree = BUILT_PRODUCTS_DIR; };
		3FE96B172BD0E2B00056DF56 /* SwiftUITutorialsTests.swift */ = {isa = PBXFileReference; lastKnownFileType = sourcecode.swift; path = SwiftUITutorialsTests.swift; sourceTree = "<group>"; };
		3FE96B1D2BD0E2B00056DF56 /* SwiftUITutorialsUITests.xctest */ = {isa = PBXFileReference; explicitFileType = wrapper.cfbundle; includeInIndex = 0; path = SwiftUITutorialsUITests.xctest; sourceTree = BUILT_PRODUCTS_DIR; };
		3FE96B212BD0E2B00056DF56 /* SwiftUITutorialsUITests.swift */ = {isa = PBXFileReference; lastKnownFileType = sourcecode.swift; path = SwiftUITutorialsUITests.swift; sourceTree = "<group>"; };
		3FE96B232BD0E2B00056DF56 /* SwiftUITutorialsUITestsLaunchTests.swift */ = {isa = PBXFileReference; lastKnownFileType = sourcecode.swift; path = SwiftUITutorialsUITestsLaunchTests.swift; sourceTree = "<group>"; };
		3FFE2CC02BDB4749000DC230 /* Badge.swift */ = {isa = PBXFileReference; fileEncoding = 4; lastKnownFileType = sourcecode.swift; path = Badge.swift; sourceTree = "<group>"; };
		3FFE2CC12BDB4749000DC230 /* BadgeBackground.swift */ = {isa = PBXFileReference; fileEncoding = 4; lastKnownFileType = sourcecode.swift; path = BadgeBackground.swift; sourceTree = "<group>"; };
		3FFE2CC22BDB4749000DC230 /* BadgeSymbol.swift */ = {isa = PBXFileReference; fileEncoding = 4; lastKnownFileType = sourcecode.swift; path = BadgeSymbol.swift; sourceTree = "<group>"; };
		3FFE2CC32BDB4749000DC230 /* RotatedBadgeSymbols.swift */ = {isa = PBXFileReference; fileEncoding = 4; lastKnownFileType = sourcecode.swift; path = RotatedBadgeSymbols.swift; sourceTree = "<group>"; };
		3FFE2CC52BDB4749000DC230 /* Categoryhome.swift */ = {isa = PBXFileReference; fileEncoding = 4; lastKnownFileType = sourcecode.swift; path = Categoryhome.swift; sourceTree = "<group>"; };
		3FFE2CC62BDB4749000DC230 /* Categoryitem.swift */ = {isa = PBXFileReference; fileEncoding = 4; lastKnownFileType = sourcecode.swift; path = Categoryitem.swift; sourceTree = "<group>"; };
		3FFE2CC72BDB4749000DC230 /* CategoryRow.swift */ = {isa = PBXFileReference; fileEncoding = 4; lastKnownFileType = sourcecode.swift; path = CategoryRow.swift; sourceTree = "<group>"; };
		3FFE2CC92BDB4749000DC230 /* CircleImage.swift */ = {isa = PBXFileReference; fileEncoding = 4; lastKnownFileType = sourcecode.swift; path = CircleImage.swift; sourceTree = "<group>"; };
		3FFE2CCA2BDB4749000DC230 /* FavButton.swift */ = {isa = PBXFileReference; fileEncoding = 4; lastKnownFileType = sourcecode.swift; path = FavButton.swift; sourceTree = "<group>"; };
		3FFE2CCB2BDB4749000DC230 /* MapView.swift */ = {isa = PBXFileReference; fileEncoding = 4; lastKnownFileType = sourcecode.swift; path = MapView.swift; sourceTree = "<group>"; };
		3FFE2CCD2BDB4749000DC230 /* GraphCapsule.swift */ = {isa = PBXFileReference; fileEncoding = 4; lastKnownFileType = sourcecode.swift; path = GraphCapsule.swift; sourceTree = "<group>"; };
		3FFE2CCE2BDB4749000DC230 /* Hike Badge.swift */ = {isa = PBXFileReference; fileEncoding = 4; lastKnownFileType = sourcecode.swift; path = "Hike Badge.swift"; sourceTree = "<group>"; };
		3FFE2CCF2BDB4749000DC230 /* HikeDetail.swift */ = {isa = PBXFileReference; fileEncoding = 4; lastKnownFileType = sourcecode.swift; path = HikeDetail.swift; sourceTree = "<group>"; };
		3FFE2CD02BDB4749000DC230 /* HikeGraph.swift */ = {isa = PBXFileReference; fileEncoding = 4; lastKnownFileType = sourcecode.swift; path = HikeGraph.swift; sourceTree = "<group>"; };
		3FFE2CD12BDB4749000DC230 /* HikeView.swift */ = {isa = PBXFileReference; fileEncoding = 4; lastKnownFileType = sourcecode.swift; path = HikeView.swift; sourceTree = "<group>"; };
		3FFE2CD32BDB4749000DC230 /* LandmarkDetail.swift */ = {isa = PBXFileReference; fileEncoding = 4; lastKnownFileType = sourcecode.swift; path = LandmarkDetail.swift; sourceTree = "<group>"; };
		3FFE2CD42BDB4749000DC230 /* LandmarkList.swift */ = {isa = PBXFileReference; fileEncoding = 4; lastKnownFileType = sourcecode.swift; path = LandmarkList.swift; sourceTree = "<group>"; };
		3FFE2CD52BDB4749000DC230 /* Landmarkrow.swift */ = {isa = PBXFileReference; fileEncoding = 4; lastKnownFileType = sourcecode.swift; path = Landmarkrow.swift; sourceTree = "<group>"; };
		3FFE2CD72BDB4749000DC230 /* Profile Editor.swift */ = {isa = PBXFileReference; fileEncoding = 4; lastKnownFileType = sourcecode.swift; path = "Profile Editor.swift"; sourceTree = "<group>"; };
		3FFE2CD82BDB4749000DC230 /* Profile host.swift */ = {isa = PBXFileReference; fileEncoding = 4; lastKnownFileType = sourcecode.swift; path = "Profile host.swift"; sourceTree = "<group>"; };
		3FFE2CD92BDB4749000DC230 /* Profile summary.swift */ = {isa = PBXFileReference; fileEncoding = 4; lastKnownFileType = sourcecode.swift; path = "Profile summary.swift"; sourceTree = "<group>"; };
		3FFE2CDA2BDB4749000DC230 /* Profile.swift */ = {isa = PBXFileReference; fileEncoding = 4; lastKnownFileType = sourcecode.swift; path = Profile.swift; sourceTree = "<group>"; };
		3FFE2CF22BDB4754000DC230 /* hikeData.json */ = {isa = PBXFileReference; fileEncoding = 4; lastKnownFileType = text.json; path = hikeData.json; sourceTree = "<group>"; };
		3FFE2CF32BDB4754000DC230 /* landmarkData.json */ = {isa = PBXFileReference; fileEncoding = 4; lastKnownFileType = text.json; path = landmarkData.json; sourceTree = "<group>"; };
		3FFE2CF72BDB475A000DC230 /* HexagonParameters.swift */ = {isa = PBXFileReference; fileEncoding = 4; lastKnownFileType = sourcecode.swift; path = HexagonParameters.swift; sourceTree = "<group>"; };
		3FFE2CF82BDB475A000DC230 /* Hike.swift */ = {isa = PBXFileReference; fileEncoding = 4; lastKnownFileType = sourcecode.swift; path = Hike.swift; sourceTree = "<group>"; };
		3FFE2CF92BDB475A000DC230 /* Landmark.swift */ = {isa = PBXFileReference; fileEncoding = 4; lastKnownFileType = sourcecode.swift; path = Landmark.swift; sourceTree = "<group>"; };
		3FFE2CFA2BDB475A000DC230 /* ModelData.swift */ = {isa = PBXFileReference; fileEncoding = 4; lastKnownFileType = sourcecode.swift; path = ModelData.swift; sourceTree = "<group>"; };
		3FFE2D002BDB4772000DC230 /* ContentView.swift */ = {isa = PBXFileReference; fileEncoding = 4; lastKnownFileType = sourcecode.swift; path = ContentView.swift; sourceTree = "<group>"; };
		3FFE2D042BDB531F000DC230 /* FeatureCard.swift */ = {isa = PBXFileReference; fileEncoding = 4; lastKnownFileType = sourcecode.swift; path = FeatureCard.swift; sourceTree = "<group>"; };
		3FFE2D052BDB531F000DC230 /* PageControl.swift */ = {isa = PBXFileReference; fileEncoding = 4; lastKnownFileType = sourcecode.swift; path = PageControl.swift; sourceTree = "<group>"; };
		3FFE2D062BDB531F000DC230 /* PageView.swift */ = {isa = PBXFileReference; fileEncoding = 4; lastKnownFileType = sourcecode.swift; path = PageView.swift; sourceTree = "<group>"; };
		3FFE2D072BDB531F000DC230 /* PageViewController.swift */ = {isa = PBXFileReference; fileEncoding = 4; lastKnownFileType = sourcecode.swift; path = PageViewController.swift; sourceTree = "<group>"; };
		3FFE2D112BDB5688000DC230 /* WatchLandmark Watch App.app */ = {isa = PBXFileReference; explicitFileType = wrapper.application; includeInIndex = 0; path = "WatchLandmark Watch App.app"; sourceTree = BUILT_PRODUCTS_DIR; };
		3FFE2D152BDB5688000DC230 /* ContentView.swift */ = {isa = PBXFileReference; lastKnownFileType = sourcecode.swift; path = ContentView.swift; sourceTree = "<group>"; };
		3FFE2D172BDB5689000DC230 /* Assets.xcassets */ = {isa = PBXFileReference; lastKnownFileType = folder.assetcatalog; path = Assets.xcassets; sourceTree = "<group>"; };
		3FFE2D1A2BDB5689000DC230 /* Preview Assets.xcassets */ = {isa = PBXFileReference; lastKnownFileType = folder.assetcatalog; path = "Preview Assets.xcassets"; sourceTree = "<group>"; };
		3FFE2D2F2BDB5810000DC230 /* LandmarkDetail.swift */ = {isa = PBXFileReference; lastKnownFileType = sourcecode.swift; name = LandmarkDetail.swift; path = SwiftUITutorialsUITests/LandmarkDetail.swift; sourceTree = SOURCE_ROOT; };
/* End PBXFileReference section */

/* Begin PBXFrameworksBuildPhase section */
		3FE96B002BD0E2AF0056DF56 /* Frameworks */ = {
			isa = PBXFrameworksBuildPhase;
			buildActionMask = 2147483647;
			files = (
			);
			runOnlyForDeploymentPostprocessing = 0;
		};
		3FE96B102BD0E2B00056DF56 /* Frameworks */ = {
			isa = PBXFrameworksBuildPhase;
			buildActionMask = 2147483647;
			files = (
			);
			runOnlyForDeploymentPostprocessing = 0;
		};
		3FE96B1A2BD0E2B00056DF56 /* Frameworks */ = {
			isa = PBXFrameworksBuildPhase;
			buildActionMask = 2147483647;
			files = (
			);
			runOnlyForDeploymentPostprocessing = 0;
		};
		3FFE2D0E2BDB5688000DC230 /* Frameworks */ = {
			isa = PBXFrameworksBuildPhase;
			buildActionMask = 2147483647;
			files = (
			);
			runOnlyForDeploymentPostprocessing = 0;
		};
/* End PBXFrameworksBuildPhase section */

/* Begin PBXGroup section */
		3FE96AFA2BD0E2AF0056DF56 = {
			isa = PBXGroup;
			children = (
				3FE96B052BD0E2AF0056DF56 /* SwiftUITutorials */,
				3FE96B162BD0E2B00056DF56 /* SwiftUITutorialsTests */,
				3FE96B202BD0E2B00056DF56 /* SwiftUITutorialsUITests */,
				3FFE2D122BDB5688000DC230 /* WatchLandmark Watch App */,
				3FE96B042BD0E2AF0056DF56 /* Products */,
			);
			sourceTree = "<group>";
		};
		3FE96B042BD0E2AF0056DF56 /* Products */ = {
			isa = PBXGroup;
			children = (
				3FE96B032BD0E2AF0056DF56 /* SwiftUITutorials.app */,
				3FE96B132BD0E2B00056DF56 /* SwiftUITutorialsTests.xctest */,
				3FE96B1D2BD0E2B00056DF56 /* SwiftUITutorialsUITests.xctest */,
				3FFE2D112BDB5688000DC230 /* WatchLandmark Watch App.app */,
			);
			name = Products;
			sourceTree = "<group>";
		};
		3FE96B052BD0E2AF0056DF56 /* SwiftUITutorials */ = {
			isa = PBXGroup;
			children = (
				3FFE2CFB2BDB475A000DC230 /* Model */,
				3FFE2CF42BDB4754000DC230 /* Resources */,
				3FFE2CDB2BDB4749000DC230 /* Views */,
				3FE96B062BD0E2AF0056DF56 /* SwiftUITutorialsApp.swift */,
				3FE96B0A2BD0E2B00056DF56 /* Assets.xcassets */,
				3FE96B0C2BD0E2B00056DF56 /* Preview Content */,
			);
			path = SwiftUITutorials;
			sourceTree = "<group>";
		};
		3FE96B0C2BD0E2B00056DF56 /* Preview Content */ = {
			isa = PBXGroup;
			children = (
				3FE96B0D2BD0E2B00056DF56 /* Preview Assets.xcassets */,
			);
			path = "Preview Content";
			sourceTree = "<group>";
		};
		3FE96B162BD0E2B00056DF56 /* SwiftUITutorialsTests */ = {
			isa = PBXGroup;
			children = (
				3FE96B172BD0E2B00056DF56 /* SwiftUITutorialsTests.swift */,
			);
			path = SwiftUITutorialsTests;
			sourceTree = "<group>";
		};
		3FE96B202BD0E2B00056DF56 /* SwiftUITutorialsUITests */ = {
			isa = PBXGroup;
			children = (
				3FE96B212BD0E2B00056DF56 /* SwiftUITutorialsUITests.swift */,
				3FE96B232BD0E2B00056DF56 /* SwiftUITutorialsUITestsLaunchTests.swift */,
			);
			path = SwiftUITutorialsUITests;
			sourceTree = "<group>";
		};
		3FFE2CC42BDB4749000DC230 /* Badges */ = {
			isa = PBXGroup;
			children = (
				3FFE2CC02BDB4749000DC230 /* Badge.swift */,
				3FFE2CC12BDB4749000DC230 /* BadgeBackground.swift */,
				3FFE2CC22BDB4749000DC230 /* BadgeSymbol.swift */,
				3FFE2CC32BDB4749000DC230 /* RotatedBadgeSymbols.swift */,
			);
			path = Badges;
			sourceTree = "<group>";
		};
		3FFE2CC82BDB4749000DC230 /* Category */ = {
			isa = PBXGroup;
			children = (
				3FFE2CC52BDB4749000DC230 /* Categoryhome.swift */,
				3FFE2CC62BDB4749000DC230 /* Categoryitem.swift */,
				3FFE2CC72BDB4749000DC230 /* CategoryRow.swift */,
			);
			path = Category;
			sourceTree = "<group>";
		};
		3FFE2CCC2BDB4749000DC230 /* Helper */ = {
			isa = PBXGroup;
			children = (
				3FFE2CC92BDB4749000DC230 /* CircleImage.swift */,
				3FFE2CCA2BDB4749000DC230 /* FavButton.swift */,
				3FFE2CCB2BDB4749000DC230 /* MapView.swift */,
			);
			path = Helper;
			sourceTree = "<group>";
		};
		3FFE2CD22BDB4749000DC230 /* Hikes */ = {
			isa = PBXGroup;
			children = (
				3FFE2CCD2BDB4749000DC230 /* GraphCapsule.swift */,
				3FFE2CCE2BDB4749000DC230 /* Hike Badge.swift */,
				3FFE2CCF2BDB4749000DC230 /* HikeDetail.swift */,
				3FFE2CD02BDB4749000DC230 /* HikeGraph.swift */,
				3FFE2CD12BDB4749000DC230 /* HikeView.swift */,
			);
			path = Hikes;
			sourceTree = "<group>";
		};
		3FFE2CD62BDB4749000DC230 /* Landmarks */ = {
			isa = PBXGroup;
			children = (
				3FFE2CD32BDB4749000DC230 /* LandmarkDetail.swift */,
				3FFE2CD42BDB4749000DC230 /* LandmarkList.swift */,
				3FFE2CD52BDB4749000DC230 /* Landmarkrow.swift */,
			);
			path = Landmarks;
			sourceTree = "<group>";
		};
		3FFE2CDB2BDB4749000DC230 /* Views */ = {
			isa = PBXGroup;
			children = (
				3FFE2D082BDB531F000DC230 /* PageView */,
				3FFE2D002BDB4772000DC230 /* ContentView.swift */,
				3FFE2CC42BDB4749000DC230 /* Badges */,
				3FFE2CC82BDB4749000DC230 /* Category */,
				3FFE2CCC2BDB4749000DC230 /* Helper */,
				3FFE2CD22BDB4749000DC230 /* Hikes */,
				3FFE2CD62BDB4749000DC230 /* Landmarks */,
				3FFE2CD72BDB4749000DC230 /* Profile Editor.swift */,
				3FFE2CD82BDB4749000DC230 /* Profile host.swift */,
				3FFE2CD92BDB4749000DC230 /* Profile summary.swift */,
				3FFE2CDA2BDB4749000DC230 /* Profile.swift */,
			);
			path = Views;
			sourceTree = "<group>";
		};
		3FFE2CF42BDB4754000DC230 /* Resources */ = {
			isa = PBXGroup;
			children = (
				3FFE2CF22BDB4754000DC230 /* hikeData.json */,
				3FFE2CF32BDB4754000DC230 /* landmarkData.json */,
			);
			path = Resources;
			sourceTree = "<group>";
		};
		3FFE2CFB2BDB475A000DC230 /* Model */ = {
			isa = PBXGroup;
			children = (
				3FFE2CF72BDB475A000DC230 /* HexagonParameters.swift */,
				3FFE2CF82BDB475A000DC230 /* Hike.swift */,
				3FFE2CF92BDB475A000DC230 /* Landmark.swift */,
				3FFE2CFA2BDB475A000DC230 /* ModelData.swift */,
			);
			path = Model;
			sourceTree = "<group>";
		};
		3FFE2D082BDB531F000DC230 /* PageView */ = {
			isa = PBXGroup;
			children = (
				3FFE2D042BDB531F000DC230 /* FeatureCard.swift */,
				3FFE2D052BDB531F000DC230 /* PageControl.swift */,
				3FFE2D062BDB531F000DC230 /* PageView.swift */,
				3FFE2D072BDB531F000DC230 /* PageViewController.swift */,
			);
			path = PageView;
			sourceTree = "<group>";
		};
		3FFE2D122BDB5688000DC230 /* WatchLandmark Watch App */ = {
			isa = PBXGroup;
			children = (
				3FFE2D2F2BDB5810000DC230 /* LandmarkDetail.swift */,
				3FFE2D152BDB5688000DC230 /* ContentView.swift */,
				3FFE2D172BDB5689000DC230 /* Assets.xcassets */,
				3FFE2D192BDB5689000DC230 /* Preview Content */,
				3FB9414F2BE46BC90068E611 /* NotificationView.swift */,
				3FB941512BE46CCD0068E611 /* NotifcationController.swift */,
				3FB941532BE46E760068E611 /* PushNotificationPayload.apns */,
			);
			path = "WatchLandmark Watch App";
			sourceTree = "<group>";
		};
		3FFE2D192BDB5689000DC230 /* Preview Content */ = {
			isa = PBXGroup;
			children = (
				3FFE2D1A2BDB5689000DC230 /* Preview Assets.xcassets */,
			);
			path = "Preview Content";
			sourceTree = "<group>";
		};
/* End PBXGroup section */

/* Begin PBXNativeTarget section */
		3FE96B022BD0E2AF0056DF56 /* SwiftUITutorials */ = {
			isa = PBXNativeTarget;
			buildConfigurationList = 3FE96B272BD0E2B00056DF56 /* Build configuration list for PBXNativeTarget "SwiftUITutorials" */;
			buildPhases = (
				3FE96AFF2BD0E2AF0056DF56 /* Sources */,
				3FE96B002BD0E2AF0056DF56 /* Frameworks */,
				3FE96B012BD0E2AF0056DF56 /* Resources */,
				3FFE2D222BDB5689000DC230 /* Embed Watch Content */,
			);
			buildRules = (
			);
			dependencies = (
				3FFE2D1D2BDB5689000DC230 /* PBXTargetDependency */,
			);
			name = SwiftUITutorials;
			productName = SwiftUITutorials;
			productReference = 3FE96B032BD0E2AF0056DF56 /* SwiftUITutorials.app */;
			productType = "com.apple.product-type.application";
		};
		3FE96B122BD0E2B00056DF56 /* SwiftUITutorialsTests */ = {
			isa = PBXNativeTarget;
			buildConfigurationList = 3FE96B2A2BD0E2B00056DF56 /* Build configuration list for PBXNativeTarget "SwiftUITutorialsTests" */;
			buildPhases = (
				3FE96B0F2BD0E2B00056DF56 /* Sources */,
				3FE96B102BD0E2B00056DF56 /* Frameworks */,
				3FE96B112BD0E2B00056DF56 /* Resources */,
			);
			buildRules = (
			);
			dependencies = (
				3FE96B152BD0E2B00056DF56 /* PBXTargetDependency */,
			);
			name = SwiftUITutorialsTests;
			productName = SwiftUITutorialsTests;
			productReference = 3FE96B132BD0E2B00056DF56 /* SwiftUITutorialsTests.xctest */;
			productType = "com.apple.product-type.bundle.unit-test";
		};
		3FE96B1C2BD0E2B00056DF56 /* SwiftUITutorialsUITests */ = {
			isa = PBXNativeTarget;
			buildConfigurationList = 3FE96B2D2BD0E2B00056DF56 /* Build configuration list for PBXNativeTarget "SwiftUITutorialsUITests" */;
			buildPhases = (
				3FE96B192BD0E2B00056DF56 /* Sources */,
				3FE96B1A2BD0E2B00056DF56 /* Frameworks */,
				3FE96B1B2BD0E2B00056DF56 /* Resources */,
			);
			buildRules = (
			);
			dependencies = (
				3FE96B1F2BD0E2B00056DF56 /* PBXTargetDependency */,
			);
			name = SwiftUITutorialsUITests;
			productName = SwiftUITutorialsUITests;
			productReference = 3FE96B1D2BD0E2B00056DF56 /* SwiftUITutorialsUITests.xctest */;
			productType = "com.apple.product-type.bundle.ui-testing";
		};
		3FFE2D102BDB5688000DC230 /* WatchLandmark Watch App */ = {
			isa = PBXNativeTarget;
			buildConfigurationList = 3FFE2D1F2BDB5689000DC230 /* Build configuration list for PBXNativeTarget "WatchLandmark Watch App" */;
			buildPhases = (
				3FFE2D0D2BDB5688000DC230 /* Sources */,
				3FFE2D0E2BDB5688000DC230 /* Frameworks */,
				3FFE2D0F2BDB5688000DC230 /* Resources */,
			);
			buildRules = (
			);
			dependencies = (
			);
			name = "WatchLandmark Watch App";
			productName = "WatchLandmark Watch App";
			productReference = 3FFE2D112BDB5688000DC230 /* WatchLandmark Watch App.app */;
			productType = "com.apple.product-type.application";
		};
/* End PBXNativeTarget section */

/* Begin PBXProject section */
		3FE96AFB2BD0E2AF0056DF56 /* Project object */ = {
			isa = PBXProject;
			attributes = {
				BuildIndependentTargetsInParallel = 1;
				LastSwiftUpdateCheck = 1530;
				LastUpgradeCheck = 1530;
				TargetAttributes = {
					3FE96B022BD0E2AF0056DF56 = {
						CreatedOnToolsVersion = 15.3;
					};
					3FE96B122BD0E2B00056DF56 = {
						CreatedOnToolsVersion = 15.3;
						TestTargetID = 3FE96B022BD0E2AF0056DF56;
					};
					3FE96B1C2BD0E2B00056DF56 = {
						CreatedOnToolsVersion = 15.3;
						TestTargetID = 3FE96B022BD0E2AF0056DF56;
					};
					3FFE2D102BDB5688000DC230 = {
						CreatedOnToolsVersion = 15.3;
					};
				};
			};
			buildConfigurationList = 3FE96AFE2BD0E2AF0056DF56 /* Build configuration list for PBXProject "SwiftUITutorials" */;
			compatibilityVersion = "Xcode 14.0";
			developmentRegion = en;
			hasScannedForEncodings = 0;
			knownRegions = (
				en,
				Base,
			);
			mainGroup = 3FE96AFA2BD0E2AF0056DF56;
			productRefGroup = 3FE96B042BD0E2AF0056DF56 /* Products */;
			projectDirPath = "";
			projectRoot = "";
			targets = (
				3FE96B022BD0E2AF0056DF56 /* SwiftUITutorials */,
				3FE96B122BD0E2B00056DF56 /* SwiftUITutorialsTests */,
				3FE96B1C2BD0E2B00056DF56 /* SwiftUITutorialsUITests */,
				3FFE2D102BDB5688000DC230 /* WatchLandmark Watch App */,
			);
		};
/* End PBXProject section */

/* Begin PBXResourcesBuildPhase section */
		3FE96B012BD0E2AF0056DF56 /* Resources */ = {
			isa = PBXResourcesBuildPhase;
			buildActionMask = 2147483647;
			files = (
				3FE96B0E2BD0E2B00056DF56 /* Preview Assets.xcassets in Resources */,
				3FFE2CF62BDB4754000DC230 /* landmarkData.json in Resources */,
				3FFE2CF52BDB4754000DC230 /* hikeData.json in Resources */,
				3FE96B0B2BD0E2B00056DF56 /* Assets.xcassets in Resources */,
				3FFE2D322BDB59E3000DC230 /* Assets.xcassets in Resources */,
			);
			runOnlyForDeploymentPostprocessing = 0;
		};
		3FE96B112BD0E2B00056DF56 /* Resources */ = {
			isa = PBXResourcesBuildPhase;
			buildActionMask = 2147483647;
			files = (
			);
			runOnlyForDeploymentPostprocessing = 0;
		};
		3FE96B1B2BD0E2B00056DF56 /* Resources */ = {
			isa = PBXResourcesBuildPhase;
			buildActionMask = 2147483647;
			files = (
			);
			runOnlyForDeploymentPostprocessing = 0;
		};
		3FFE2D0F2BDB5688000DC230 /* Resources */ = {
			isa = PBXResourcesBuildPhase;
			buildActionMask = 2147483647;
			files = (
				3FFE2D1B2BDB5689000DC230 /* Preview Assets.xcassets in Resources */,
				3FFE2D2C2BDB5778000DC230 /* landmarkData.json in Resources */,
				3FFE2D2D2BDB5778000DC230 /* hikeData.json in Resources */,
				3FFE2D2E2BDB5778000DC230 /* Assets.xcassets in Resources */,
				3FFE2D182BDB5689000DC230 /* Assets.xcassets in Resources */,
				3FB941542BE46E760068E611 /* PushNotificationPayload.apns in Resources */,
			);
			runOnlyForDeploymentPostprocessing = 0;
		};
/* End PBXResourcesBuildPhase section */

/* Begin PBXSourcesBuildPhase section */
		3FE96AFF2BD0E2AF0056DF56 /* Sources */ = {
			isa = PBXSourcesBuildPhase;
			buildActionMask = 2147483647;
			files = (
				3FFE2CFC2BDB475A000DC230 /* HexagonParameters.swift in Sources */,
				3FE96B072BD0E2AF0056DF56 /* SwiftUITutorialsApp.swift in Sources */,
				3FFE2D092BDB5320000DC230 /* FeatureCard.swift in Sources */,
				3FFE2D012BDB4772000DC230 /* ContentView.swift in Sources */,
				3FFE2CFF2BDB475A000DC230 /* ModelData.swift in Sources */,
				3FFE2CEF2BDB4749000DC230 /* Profile host.swift in Sources */,
				3FFE2CDE2BDB4749000DC230 /* BadgeSymbol.swift in Sources */,
				3FFE2CF12BDB4749000DC230 /* Profile.swift in Sources */,
				3FFE2CF02BDB4749000DC230 /* Profile summary.swift in Sources */,
				3FFE2CDD2BDB4749000DC230 /* BadgeBackground.swift in Sources */,
				3FFE2CE52BDB4749000DC230 /* MapView.swift in Sources */,
				3FFE2CED2BDB4749000DC230 /* Landmarkrow.swift in Sources */,
				3FFE2CE42BDB4749000DC230 /* FavButton.swift in Sources */,
				3FFE2CEA2BDB4749000DC230 /* HikeView.swift in Sources */,
				3FFE2CE22BDB4749000DC230 /* CategoryRow.swift in Sources */,
				3FFE2D0C2BDB5320000DC230 /* PageViewController.swift in Sources */,
				3FFE2CE72BDB4749000DC230 /* Hike Badge.swift in Sources */,
				3FFE2CFE2BDB475A000DC230 /* Landmark.swift in Sources */,
				3FFE2CE02BDB4749000DC230 /* Categoryhome.swift in Sources */,
				3FFE2D0B2BDB5320000DC230 /* PageView.swift in Sources */,
				3FFE2CE32BDB4749000DC230 /* CircleImage.swift in Sources */,
				3FFE2CFD2BDB475A000DC230 /* Hike.swift in Sources */,
				3FFE2D0A2BDB5320000DC230 /* PageControl.swift in Sources */,
				3FFE2CE62BDB4749000DC230 /* GraphCapsule.swift in Sources */,
				3FFE2CDC2BDB4749000DC230 /* Badge.swift in Sources */,
				3FFE2CE82BDB4749000DC230 /* HikeDetail.swift in Sources */,
				3FFE2CEC2BDB4749000DC230 /* LandmarkList.swift in Sources */,
				3FFE2CEE2BDB4749000DC230 /* Profile Editor.swift in Sources */,
				3FFE2CE12BDB4749000DC230 /* Categoryitem.swift in Sources */,
				3FFE2CE92BDB4749000DC230 /* HikeGraph.swift in Sources */,
				3FFE2CEB2BDB4749000DC230 /* LandmarkDetail.swift in Sources */,
				3FFE2CDF2BDB4749000DC230 /* RotatedBadgeSymbols.swift in Sources */,
			);
			runOnlyForDeploymentPostprocessing = 0;
		};
		3FE96B0F2BD0E2B00056DF56 /* Sources */ = {
			isa = PBXSourcesBuildPhase;
			buildActionMask = 2147483647;
			files = (
				3FE96B182BD0E2B00056DF56 /* SwiftUITutorialsTests.swift in Sources */,
			);
			runOnlyForDeploymentPostprocessing = 0;
		};
		3FE96B192BD0E2B00056DF56 /* Sources */ = {
			isa = PBXSourcesBuildPhase;
			buildActionMask = 2147483647;
			files = (
				3FE96B242BD0E2B00056DF56 /* SwiftUITutorialsUITestsLaunchTests.swift in Sources */,
				3FE96B222BD0E2B00056DF56 /* SwiftUITutorialsUITests.swift in Sources */,
			);
			runOnlyForDeploymentPostprocessing = 0;
		};
		3FFE2D0D2BDB5688000DC230 /* Sources */ = {
			isa = PBXSourcesBuildPhase;
			buildActionMask = 2147483647;
			files = (
				3FFE2D232BDB5778000DC230 /* HexagonParameters.swift in Sources */,
				3FFE2D312BDB5924000DC230 /* Profile.swift in Sources */,
				3FFE2D242BDB5778000DC230 /* Hike.swift in Sources */,
				3FB941502BE46BC90068E611 /* NotificationView.swift in Sources */,
				3FFE2D252BDB5778000DC230 /* ModelData.swift in Sources */,
				3FFE2D262BDB5778000DC230 /* MapView.swift in Sources */,
				3FFE2D272BDB5778000DC230 /* LandmarkList.swift in Sources */,
				3FFE2D282BDB5778000DC230 /* Landmark.swift in Sources */,
				3FB941522BE46CCD0068E611 /* NotifcationController.swift in Sources */,
				3FFE2D292BDB5778000DC230 /* CircleImage.swift in Sources */,
				3FFE2D2A2BDB5778000DC230 /* SwiftUITutorialsApp.swift in Sources */,
				3FFE2D2B2BDB5778000DC230 /* Landmarkrow.swift in Sources */,
				3FFE2D162BDB5688000DC230 /* ContentView.swift in Sources */,
				3FFE2D302BDB5810000DC230 /* LandmarkDetail.swift in Sources */,
			);
			runOnlyForDeploymentPostprocessing = 0;
		};
/* End PBXSourcesBuildPhase section */

/* Begin PBXTargetDependency section */
		3FE96B152BD0E2B00056DF56 /* PBXTargetDependency */ = {
			isa = PBXTargetDependency;
			target = 3FE96B022BD0E2AF0056DF56 /* SwiftUITutorials */;
			targetProxy = 3FE96B142BD0E2B00056DF56 /* PBXContainerItemProxy */;
		};
		3FE96B1F2BD0E2B00056DF56 /* PBXTargetDependency */ = {
			isa = PBXTargetDependency;
			target = 3FE96B022BD0E2AF0056DF56 /* SwiftUITutorials */;
			targetProxy = 3FE96B1E2BD0E2B00056DF56 /* PBXContainerItemProxy */;
		};
		3FFE2D1D2BDB5689000DC230 /* PBXTargetDependency */ = {
			isa = PBXTargetDependency;
			target = 3FFE2D102BDB5688000DC230 /* WatchLandmark Watch App */;
			targetProxy = 3FFE2D1C2BDB5689000DC230 /* PBXContainerItemProxy */;
		};
/* End PBXTargetDependency section */

/* Begin XCBuildConfiguration section */
		3FE96B252BD0E2B00056DF56 /* Debug */ = {
			isa = XCBuildConfiguration;
			buildSettings = {
				ALWAYS_SEARCH_USER_PATHS = NO;
				ASSETCATALOG_COMPILER_GENERATE_SWIFT_ASSET_SYMBOL_EXTENSIONS = YES;
				CLANG_ANALYZER_NONNULL = YES;
				CLANG_ANALYZER_NUMBER_OBJECT_CONVERSION = YES_AGGRESSIVE;
				CLANG_CXX_LANGUAGE_STANDARD = "gnu++20";
				CLANG_ENABLE_MODULES = YES;
				CLANG_ENABLE_OBJC_ARC = YES;
				CLANG_ENABLE_OBJC_WEAK = YES;
				CLANG_WARN_BLOCK_CAPTURE_AUTORELEASING = YES;
				CLANG_WARN_BOOL_CONVERSION = YES;
				CLANG_WARN_COMMA = YES;
				CLANG_WARN_CONSTANT_CONVERSION = YES;
				CLANG_WARN_DEPRECATED_OBJC_IMPLEMENTATIONS = YES;
				CLANG_WARN_DIRECT_OBJC_ISA_USAGE = YES_ERROR;
				CLANG_WARN_DOCUMENTATION_COMMENTS = YES;
				CLANG_WARN_EMPTY_BODY = YES;
				CLANG_WARN_ENUM_CONVERSION = YES;
				CLANG_WARN_INFINITE_RECURSION = YES;
				CLANG_WARN_INT_CONVERSION = YES;
				CLANG_WARN_NON_LITERAL_NULL_CONVERSION = YES;
				CLANG_WARN_OBJC_IMPLICIT_RETAIN_SELF = YES;
				CLANG_WARN_OBJC_LITERAL_CONVERSION = YES;
				CLANG_WARN_OBJC_ROOT_CLASS = YES_ERROR;
				CLANG_WARN_QUOTED_INCLUDE_IN_FRAMEWORK_HEADER = YES;
				CLANG_WARN_RANGE_LOOP_ANALYSIS = YES;
				CLANG_WARN_STRICT_PROTOTYPES = YES;
				CLANG_WARN_SUSPICIOUS_MOVE = YES;
				CLANG_WARN_UNGUARDED_AVAILABILITY = YES_AGGRESSIVE;
				CLANG_WARN_UNREACHABLE_CODE = YES;
				CLANG_WARN__DUPLICATE_METHOD_MATCH = YES;
				COPY_PHASE_STRIP = NO;
				DEBUG_INFORMATION_FORMAT = dwarf;
				ENABLE_STRICT_OBJC_MSGSEND = YES;
				ENABLE_TESTABILITY = YES;
				ENABLE_USER_SCRIPT_SANDBOXING = YES;
				GCC_C_LANGUAGE_STANDARD = gnu17;
				GCC_DYNAMIC_NO_PIC = NO;
				GCC_NO_COMMON_BLOCKS = YES;
				GCC_OPTIMIZATION_LEVEL = 0;
				GCC_PREPROCESSOR_DEFINITIONS = (
					"DEBUG=1",
					"$(inherited)",
				);
				GCC_WARN_64_TO_32_BIT_CONVERSION = YES;
				GCC_WARN_ABOUT_RETURN_TYPE = YES_ERROR;
				GCC_WARN_UNDECLARED_SELECTOR = YES;
				GCC_WARN_UNINITIALIZED_AUTOS = YES_AGGRESSIVE;
				GCC_WARN_UNUSED_FUNCTION = YES;
				GCC_WARN_UNUSED_VARIABLE = YES;
				IPHONEOS_DEPLOYMENT_TARGET = 17.4;
				LOCALIZATION_PREFERS_STRING_CATALOGS = YES;
				MTL_ENABLE_DEBUG_INFO = INCLUDE_SOURCE;
				MTL_FAST_MATH = YES;
				ONLY_ACTIVE_ARCH = YES;
				SDKROOT = iphoneos;
				SWIFT_ACTIVE_COMPILATION_CONDITIONS = "DEBUG $(inherited)";
				SWIFT_OPTIMIZATION_LEVEL = "-Onone";
			};
			name = Debug;
		};
		3FE96B262BD0E2B00056DF56 /* Release */ = {
			isa = XCBuildConfiguration;
			buildSettings = {
				ALWAYS_SEARCH_USER_PATHS = NO;
				ASSETCATALOG_COMPILER_GENERATE_SWIFT_ASSET_SYMBOL_EXTENSIONS = YES;
				CLANG_ANALYZER_NONNULL = YES;
				CLANG_ANALYZER_NUMBER_OBJECT_CONVERSION = YES_AGGRESSIVE;
				CLANG_CXX_LANGUAGE_STANDARD = "gnu++20";
				CLANG_ENABLE_MODULES = YES;
				CLANG_ENABLE_OBJC_ARC = YES;
				CLANG_ENABLE_OBJC_WEAK = YES;
				CLANG_WARN_BLOCK_CAPTURE_AUTORELEASING = YES;
				CLANG_WARN_BOOL_CONVERSION = YES;
				CLANG_WARN_COMMA = YES;
				CLANG_WARN_CONSTANT_CONVERSION = YES;
				CLANG_WARN_DEPRECATED_OBJC_IMPLEMENTATIONS = YES;
				CLANG_WARN_DIRECT_OBJC_ISA_USAGE = YES_ERROR;
				CLANG_WARN_DOCUMENTATION_COMMENTS = YES;
				CLANG_WARN_EMPTY_BODY = YES;
				CLANG_WARN_ENUM_CONVERSION = YES;
				CLANG_WARN_INFINITE_RECURSION = YES;
				CLANG_WARN_INT_CONVERSION = YES;
				CLANG_WARN_NON_LITERAL_NULL_CONVERSION = YES;
				CLANG_WARN_OBJC_IMPLICIT_RETAIN_SELF = YES;
				CLANG_WARN_OBJC_LITERAL_CONVERSION = YES;
				CLANG_WARN_OBJC_ROOT_CLASS = YES_ERROR;
				CLANG_WARN_QUOTED_INCLUDE_IN_FRAMEWORK_HEADER = YES;
				CLANG_WARN_RANGE_LOOP_ANALYSIS = YES;
				CLANG_WARN_STRICT_PROTOTYPES = YES;
				CLANG_WARN_SUSPICIOUS_MOVE = YES;
				CLANG_WARN_UNGUARDED_AVAILABILITY = YES_AGGRESSIVE;
				CLANG_WARN_UNREACHABLE_CODE = YES;
				CLANG_WARN__DUPLICATE_METHOD_MATCH = YES;
				COPY_PHASE_STRIP = NO;
				DEBUG_INFORMATION_FORMAT = "dwarf-with-dsym";
				ENABLE_NS_ASSERTIONS = NO;
				ENABLE_STRICT_OBJC_MSGSEND = YES;
				ENABLE_USER_SCRIPT_SANDBOXING = YES;
				GCC_C_LANGUAGE_STANDARD = gnu17;
				GCC_NO_COMMON_BLOCKS = YES;
				GCC_WARN_64_TO_32_BIT_CONVERSION = YES;
				GCC_WARN_ABOUT_RETURN_TYPE = YES_ERROR;
				GCC_WARN_UNDECLARED_SELECTOR = YES;
				GCC_WARN_UNINITIALIZED_AUTOS = YES_AGGRESSIVE;
				GCC_WARN_UNUSED_FUNCTION = YES;
				GCC_WARN_UNUSED_VARIABLE = YES;
				IPHONEOS_DEPLOYMENT_TARGET = 17.4;
				LOCALIZATION_PREFERS_STRING_CATALOGS = YES;
				MTL_ENABLE_DEBUG_INFO = NO;
				MTL_FAST_MATH = YES;
				SDKROOT = iphoneos;
				SWIFT_COMPILATION_MODE = wholemodule;
				VALIDATE_PRODUCT = YES;
			};
			name = Release;
		};
		3FE96B282BD0E2B00056DF56 /* Debug */ = {
			isa = XCBuildConfiguration;
			buildSettings = {
				ALWAYS_EMBED_SWIFT_STANDARD_LIBRARIES = YES;
				ASSETCATALOG_COMPILER_APPICON_NAME = AppIcon;
				ASSETCATALOG_COMPILER_GLOBAL_ACCENT_COLOR_NAME = AccentColor;
				CODE_SIGN_STYLE = Automatic;
				CURRENT_PROJECT_VERSION = 1;
				DEVELOPMENT_ASSET_PATHS = "\"SwiftUITutorials/Preview Content\"";
				ENABLE_PREVIEWS = YES;
				GENERATE_INFOPLIST_FILE = YES;
				INFOPLIST_KEY_UIApplicationSceneManifest_Generation = YES;
				INFOPLIST_KEY_UIApplicationSupportsIndirectInputEvents = YES;
				INFOPLIST_KEY_UILaunchScreen_Generation = YES;
				INFOPLIST_KEY_UISupportedInterfaceOrientations_iPad = "UIInterfaceOrientationPortrait UIInterfaceOrientationPortraitUpsideDown UIInterfaceOrientationLandscapeLeft UIInterfaceOrientationLandscapeRight";
				INFOPLIST_KEY_UISupportedInterfaceOrientations_iPhone = "UIInterfaceOrientationPortrait UIInterfaceOrientationLandscapeLeft UIInterfaceOrientationLandscapeRight";
				LD_RUNPATH_SEARCH_PATHS = (
					"$(inherited)",
					"@executable_path/Frameworks",
				);
				MARKETING_VERSION = 1.0;
				PRODUCT_BUNDLE_IDENTIFIER = coba.SwiftUITutorials;
				PRODUCT_NAME = "$(TARGET_NAME)";
				SWIFT_EMIT_LOC_STRINGS = YES;
				SWIFT_VERSION = 5.0;
				TARGETED_DEVICE_FAMILY = "1,2";
			};
			name = Debug;
		};
		3FE96B292BD0E2B00056DF56 /* Release */ = {
			isa = XCBuildConfiguration;
			buildSettings = {
				ALWAYS_EMBED_SWIFT_STANDARD_LIBRARIES = YES;
				ASSETCATALOG_COMPILER_APPICON_NAME = AppIcon;
				ASSETCATALOG_COMPILER_GLOBAL_ACCENT_COLOR_NAME = AccentColor;
				CODE_SIGN_STYLE = Automatic;
				CURRENT_PROJECT_VERSION = 1;
				DEVELOPMENT_ASSET_PATHS = "\"SwiftUITutorials/Preview Content\"";
				ENABLE_PREVIEWS = YES;
				GENERATE_INFOPLIST_FILE = YES;
				INFOPLIST_KEY_UIApplicationSceneManifest_Generation = YES;
				INFOPLIST_KEY_UIApplicationSupportsIndirectInputEvents = YES;
				INFOPLIST_KEY_UILaunchScreen_Generation = YES;
				INFOPLIST_KEY_UISupportedInterfaceOrientations_iPad = "UIInterfaceOrientationPortrait UIInterfaceOrientationPortraitUpsideDown UIInterfaceOrientationLandscapeLeft UIInterfaceOrientationLandscapeRight";
				INFOPLIST_KEY_UISupportedInterfaceOrientations_iPhone = "UIInterfaceOrientationPortrait UIInterfaceOrientationLandscapeLeft UIInterfaceOrientationLandscapeRight";
				LD_RUNPATH_SEARCH_PATHS = (
					"$(inherited)",
					"@executable_path/Frameworks",
				);
				MARKETING_VERSION = 1.0;
				PRODUCT_BUNDLE_IDENTIFIER = coba.SwiftUITutorials;
				PRODUCT_NAME = "$(TARGET_NAME)";
				SWIFT_EMIT_LOC_STRINGS = YES;
				SWIFT_VERSION = 5.0;
				TARGETED_DEVICE_FAMILY = "1,2";
			};
			name = Release;
		};
		3FE96B2B2BD0E2B00056DF56 /* Debug */ = {
			isa = XCBuildConfiguration;
			buildSettings = {
				ALWAYS_EMBED_SWIFT_STANDARD_LIBRARIES = YES;
				BUNDLE_LOADER = "$(TEST_HOST)";
				CODE_SIGN_STYLE = Automatic;
				CURRENT_PROJECT_VERSION = 1;
				GENERATE_INFOPLIST_FILE = YES;
				IPHONEOS_DEPLOYMENT_TARGET = 17.4;
				MARKETING_VERSION = 1.0;
				PRODUCT_BUNDLE_IDENTIFIER = coba.SwiftUITutorialsTests;
				PRODUCT_NAME = "$(TARGET_NAME)";
				SWIFT_EMIT_LOC_STRINGS = NO;
				SWIFT_VERSION = 5.0;
				TARGETED_DEVICE_FAMILY = "1,2";
				TEST_HOST = "$(BUILT_PRODUCTS_DIR)/SwiftUITutorials.app/$(BUNDLE_EXECUTABLE_FOLDER_PATH)/SwiftUITutorials";
			};
			name = Debug;
		};
		3FE96B2C2BD0E2B00056DF56 /* Release */ = {
			isa = XCBuildConfiguration;
			buildSettings = {
				ALWAYS_EMBED_SWIFT_STANDARD_LIBRARIES = YES;
				BUNDLE_LOADER = "$(TEST_HOST)";
				CODE_SIGN_STYLE = Automatic;
				CURRENT_PROJECT_VERSION = 1;
				GENERATE_INFOPLIST_FILE = YES;
				IPHONEOS_DEPLOYMENT_TARGET = 17.4;
				MARKETING_VERSION = 1.0;
				PRODUCT_BUNDLE_IDENTIFIER = coba.SwiftUITutorialsTests;
				PRODUCT_NAME = "$(TARGET_NAME)";
				SWIFT_EMIT_LOC_STRINGS = NO;
				SWIFT_VERSION = 5.0;
				TARGETED_DEVICE_FAMILY = "1,2";
				TEST_HOST = "$(BUILT_PRODUCTS_DIR)/SwiftUITutorials.app/$(BUNDLE_EXECUTABLE_FOLDER_PATH)/SwiftUITutorials";
			};
			name = Release;
		};
		3FE96B2E2BD0E2B00056DF56 /* Debug */ = {
			isa = XCBuildConfiguration;
			buildSettings = {
				ALWAYS_EMBED_SWIFT_STANDARD_LIBRARIES = YES;
				CODE_SIGN_STYLE = Automatic;
				CURRENT_PROJECT_VERSION = 1;
				GENERATE_INFOPLIST_FILE = YES;
				MARKETING_VERSION = 1.0;
				PRODUCT_BUNDLE_IDENTIFIER = coba.SwiftUITutorialsUITests;
				PRODUCT_NAME = "$(TARGET_NAME)";
				SWIFT_EMIT_LOC_STRINGS = NO;
				SWIFT_VERSION = 5.0;
				TARGETED_DEVICE_FAMILY = "1,2";
				TEST_TARGET_NAME = SwiftUITutorials;
			};
			name = Debug;
		};
		3FE96B2F2BD0E2B00056DF56 /* Release */ = {
			isa = XCBuildConfiguration;
			buildSettings = {
				ALWAYS_EMBED_SWIFT_STANDARD_LIBRARIES = YES;
				CODE_SIGN_STYLE = Automatic;
				CURRENT_PROJECT_VERSION = 1;
				GENERATE_INFOPLIST_FILE = YES;
				MARKETING_VERSION = 1.0;
				PRODUCT_BUNDLE_IDENTIFIER = coba.SwiftUITutorialsUITests;
				PRODUCT_NAME = "$(TARGET_NAME)";
				SWIFT_EMIT_LOC_STRINGS = NO;
				SWIFT_VERSION = 5.0;
				TARGETED_DEVICE_FAMILY = "1,2";
				TEST_TARGET_NAME = SwiftUITutorials;
			};
			name = Release;
		};
		3FFE2D202BDB5689000DC230 /* Debug */ = {
			isa = XCBuildConfiguration;
			buildSettings = {
				ASSETCATALOG_COMPILER_APPICON_NAME = AppIcon;
				ASSETCATALOG_COMPILER_GLOBAL_ACCENT_COLOR_NAME = AccentColor;
				CODE_SIGN_STYLE = Automatic;
				CURRENT_PROJECT_VERSION = 1;
				DEVELOPMENT_ASSET_PATHS = "\"WatchLandmark Watch App/Preview Content\"";
				ENABLE_PREVIEWS = YES;
				GENERATE_INFOPLIST_FILE = YES;
				INFOPLIST_KEY_CFBundleDisplayName = WatchLandmark;
				INFOPLIST_KEY_UISupportedInterfaceOrientations = "UIInterfaceOrientationPortrait UIInterfaceOrientationPortraitUpsideDown";
				INFOPLIST_KEY_WKCompanionAppBundleIdentifier = coba.SwiftUITutorials;
				INFOPLIST_KEY_WKRunsIndependentlyOfCompanionApp = YES;
				LD_RUNPATH_SEARCH_PATHS = (
					"$(inherited)",
					"@executable_path/Frameworks",
				);
				MARKETING_VERSION = 1.0;
				PRODUCT_BUNDLE_IDENTIFIER = coba.SwiftUITutorials.watchkitapp;
				PRODUCT_NAME = "$(TARGET_NAME)";
				SDKROOT = watchos;
				SKIP_INSTALL = YES;
				SWIFT_EMIT_LOC_STRINGS = YES;
				SWIFT_VERSION = 5.0;
				TARGETED_DEVICE_FAMILY = 4;
				WATCHOS_DEPLOYMENT_TARGET = 10.4;
			};
			name = Debug;
		};
		3FFE2D212BDB5689000DC230 /* Release */ = {
			isa = XCBuildConfiguration;
			buildSettings = {
				ASSETCATALOG_COMPILER_APPICON_NAME = AppIcon;
				ASSETCATALOG_COMPILER_GLOBAL_ACCENT_COLOR_NAME = AccentColor;
				CODE_SIGN_STYLE = Automatic;
				CURRENT_PROJECT_VERSION = 1;
				DEVELOPMENT_ASSET_PATHS = "\"WatchLandmark Watch App/Preview Content\"";
				ENABLE_PREVIEWS = YES;
				GENERATE_INFOPLIST_FILE = YES;
				INFOPLIST_KEY_CFBundleDisplayName = WatchLandmark;
				INFOPLIST_KEY_UISupportedInterfaceOrientations = "UIInterfaceOrientationPortrait UIInterfaceOrientationPortraitUpsideDown";
				INFOPLIST_KEY_WKCompanionAppBundleIdentifier = coba.SwiftUITutorials;
				INFOPLIST_KEY_WKRunsIndependentlyOfCompanionApp = YES;
				LD_RUNPATH_SEARCH_PATHS = (
					"$(inherited)",
					"@executable_path/Frameworks",
				);
				MARKETING_VERSION = 1.0;
				PRODUCT_BUNDLE_IDENTIFIER = coba.SwiftUITutorials.watchkitapp;
				PRODUCT_NAME = "$(TARGET_NAME)";
				SDKROOT = watchos;
				SKIP_INSTALL = YES;
				SWIFT_EMIT_LOC_STRINGS = YES;
				SWIFT_VERSION = 5.0;
				TARGETED_DEVICE_FAMILY = 4;
				WATCHOS_DEPLOYMENT_TARGET = 10.4;
			};
			name = Release;
		};
/* End XCBuildConfiguration section */

/* Begin XCConfigurationList section */
		3FE96AFE2BD0E2AF0056DF56 /* Build configuration list for PBXProject "SwiftUITutorials" */ = {
			isa = XCConfigurationList;
			buildConfigurations = (
				3FE96B252BD0E2B00056DF56 /* Debug */,
				3FE96B262BD0E2B00056DF56 /* Release */,
			);
			defaultConfigurationIsVisible = 0;
			defaultConfigurationName = Release;
		};
		3FE96B272BD0E2B00056DF56 /* Build configuration list for PBXNativeTarget "SwiftUITutorials" */ = {
			isa = XCConfigurationList;
			buildConfigurations = (
				3FE96B282BD0E2B00056DF56 /* Debug */,
				3FE96B292BD0E2B00056DF56 /* Release */,
			);
			defaultConfigurationIsVisible = 0;
			defaultConfigurationName = Release;
		};
		3FE96B2A2BD0E2B00056DF56 /* Build configuration list for PBXNativeTarget "SwiftUITutorialsTests" */ = {
			isa = XCConfigurationList;
			buildConfigurations = (
				3FE96B2B2BD0E2B00056DF56 /* Debug */,
				3FE96B2C2BD0E2B00056DF56 /* Release */,
			);
			defaultConfigurationIsVisible = 0;
			defaultConfigurationName = Release;
		};
		3FE96B2D2BD0E2B00056DF56 /* Build configuration list for PBXNativeTarget "SwiftUITutorialsUITests" */ = {
			isa = XCConfigurationList;
			buildConfigurations = (
				3FE96B2E2BD0E2B00056DF56 /* Debug */,
				3FE96B2F2BD0E2B00056DF56 /* Release */,
			);
			defaultConfigurationIsVisible = 0;
			defaultConfigurationName = Release;
		};
		3FFE2D1F2BDB5689000DC230 /* Build configuration list for PBXNativeTarget "WatchLandmark Watch App" */ = {
			isa = XCConfigurationList;
			buildConfigurations = (
				3FFE2D202BDB5689000DC230 /* Debug */,
				3FFE2D212BDB5689000DC230 /* Release */,
			);
			defaultConfigurationIsVisible = 0;
			defaultConfigurationName = Release;
		};
/* End XCConfigurationList section */
	};
	rootObject = 3FE96AFB2BD0E2AF0056DF56 /* Project object */;
}
